Microsoft Visual Studio Solution File, Format Version 12.00
# Visual Studio Version 17
VisualStudioVersion = 17.5.2.0
MinimumVisualStudioVersion = 10.0.40219.1
Project("{FAE04EC0-301F-11D3-BF4B-00C04F79EFBC}") = "Geasy", "Geasy.csproj", "{DBB389A5-478B-5D38-14DF-3350C51226A2}"
EndProject
Global
	GlobalSection(SolutionConfigurationPlatforms) = preSolution
		Debug|Any CPU = Debug|Any CPU
		Release|Any CPU = Release|Any CPU
	EndGlobalSection
	GlobalSection(ProjectConfigurationPlatforms) = postSolution
		{DBB389A5-478B-5D38-14DF-3350C51226A2}.Debug|Any CPU.ActiveCfg = Debug|Any CPU
		{DBB389A5-478B-5D38-14DF-3350C51226A2}.Debug|Any CPU.Build.0 = Debug|Any CPU
		{DBB389A5-478B-5D38-14DF-3350C51226A2}.Release|Any CPU.ActiveCfg = Release|Any CPU
		{DBB389A5-478B-5D38-14DF-3350C51226A2}.Release|Any CPU.Build.0 = Release|Any CPU
	EndGlobalSection
	GlobalSection(SolutionProperties) = preSolution
		HideSolutionNode = FALSE
	EndGlobalSection
	GlobalSection(ExtensibilityGlobals) = postSolution
		SolutionGuid = {0A4FE974-13FA-4B88-9F7E-83DA2D7A269E}
	EndGlobalSection
EndGlobal
